Microsoft Visual Studio Solution File, Format Version 12.00
# Visual Studio 15
VisualStudioVersion = 15.0.26823.1
MinimumVisualStudioVersion = 10.0.40219.1
Project("{2150E333-8FDC-42A3-9474-1A3956D46DE8}") = "Plugins", "Plugins", "{3D5CA0E0-EF51-4488-A8B7-86CC330D7AD8}"
EndProject
Project("{2150E333-8FDC-42A3-9474-1A3956D46DE8}") = "Statistics", "Statistics", "{AF6D7B1B-FAF6-4793-AC05-00C63A5BC0F5}"
EndProject
Project("{FAE04EC0-301F-11D3-BF4B-00C04F79EFBC}") = "GitExtensions", "GitExtensions\GitExtensions.csproj", "{F15A69AF-7EBD-4F69-A026-5071FA3EC61B}"
EndProject
Project("{FAE04EC0-301F-11D3-BF4B-00C04F79EFBC}") = "GitUI", "GitUI\GitUI.csproj", "{A19AF7D5-2BD9-470D-A4D0-0519C2694258}"
EndProject
Project("{FAE04EC0-301F-11D3-BF4B-00C04F79EFBC}") = "GitCommands", "GitCommands\GitCommands.csproj", "{BD6AA2A2-997D-4AFF-ACC7-B64F6E51D181}"
EndProject
Project("{FAE04EC0-301F-11D3-BF4B-00C04F79EFBC}") = "GitUIPluginInterfaces", "Plugins\GitUIPluginInterfaces\GitUIPluginInterfaces.csproj", "{27559302-F35E-4B62-A6EC-11FF21A5FA6F}"
EndProject
Project("{FAE04EC0-301F-11D3-BF4B-00C04F79EFBC}") = "ResourceManager", "ResourceManager\ResourceManager.csproj", "{D3440FD7-AFC5-4351-8741-6CDBF15CE944}"
EndProject
Project("{FAE04EC0-301F-11D3-BF4B-00C04F79EFBC}") = "Gravatar", "Gravatar\Gravatar.csproj", "{4041B976-50D0-4C6E-ABAF-7E67458A1264}"
EndProject
Project("{FAE04EC0-301F-11D3-BF4B-00C04F79EFBC}") = "SpellChecker", "NetSpell.SpellChecker\SpellChecker.csproj", "{A426EE0B-E52E-4D74-AF24-06797142D7B2}"
EndProject
Project("{FAE04EC0-301F-11D3-BF4B-00C04F79EFBC}") = "Github3", "Plugins\Github3\Github3.csproj", "{B1B0C273-AB3F-48BF-92C7-DE0BE90D5870}"
EndProject
Project("{2150E333-8FDC-42A3-9474-1A3956D46DE8}") = ".nuget", ".nuget", "{BB46D906-E5AC-4CAB-B53E-BCC26AA74146}"
	ProjectSection(SolutionItems) = preProject
		GitExtensions\copy_plugins.cmd = GitExtensions\copy_plugins.cmd
		GitExtensions\copy_plugins.sh = GitExtensions\copy_plugins.sh
		FxCop.targets = FxCop.targets
		FxCopRules.ruleset = FxCopRules.ruleset
		.nuget\NuGet.Config = .nuget\NuGet.Config
		.nuget\NuGet.exe = .nuget\NuGet.exe
		.nuget\NuGet.targets = .nuget\NuGet.targets
	EndProjectSection
EndProject
Project("{FAE04EC0-301F-11D3-BF4B-00C04F79EFBC}") = "BackgroundFetch", "Plugins\BackgroundFetch\BackgroundFetch.csproj", "{F261BCD1-F5F7-4664-A230-E52032E6E9FD}"
EndProject
Project("{2150E333-8FDC-42A3-9474-1A3956D46DE8}") = "BuildServerIntegration", "BuildServerIntegration", "{F1B97F5D-CA42-4280-94A1-CE412BEA20DF}"
EndProject
Project("{2150E333-8FDC-42A3-9474-1A3956D46DE8}") = "Externals", "Externals", "{0E859634-B3DF-46AC-A73C-D49734F19D6A}"
EndProject
Project("{FAE04EC0-301F-11D3-BF4B-00C04F79EFBC}") = "Git.hub", "Externals\Git.hub\Git.hub\Git.hub.csproj", "{F50B1DBF-1C9F-4437-87EC-7ABA805CC446}"
EndProject
Project("{FAE04EC0-301F-11D3-BF4B-00C04F79EFBC}") = "GitExtUtils", "GitExtUtils\GitExtUtils.csproj", "{0F1F1168-A4B2-4FA2-B17B-735140D17F39}"
EndProject
Project("{FAE04EC0-301F-11D3-BF4B-00C04F79EFBC}") = "NBugLib", "Externals\NBugLib.csproj", "{62CED1D5-F603-40DE-8BF5-3E49D3A392F4}"
EndProject
Project("{9A19103F-16F7-4668-BE54-9A1E7A4F7556}") = "ConEmuWinFormsLib", "Externals\conemu-inside\ConEmuWinForms\ConEmuWinFormsLib.csproj", "{1DC7D403-484B-43B4-B017-1356397A32CB}"
EndProject
Project("{FAE04EC0-301F-11D3-BF4B-00C04F79EFBC}") = "MaterialSkinLib", "Externals\MaterialSkin\MaterialSkin\MaterialSkinLib.csproj", "{8EB7611B-68CD-4B8B-987A-11717E2B250C}"
EndProject
Project("{FAE04EC0-301F-11D3-BF4B-00C04F79EFBC}") = "GitExt.Commit", "GitExt.Commit\GitExt.Commit.csproj", "{0EA99AD1-A03F-45D6-9AC8-EE0EECEDEF4F}"
EndProject
Global
	GlobalSection(SolutionConfigurationPlatforms) = preSolution
		Debug|Any CPU = Debug|Any CPU
		Debug|Mixed Platforms = Debug|Mixed Platforms
		Release|Any CPU = Release|Any CPU
		Release|Mixed Platforms = Release|Mixed Platforms
		ReleaseTC|Any CPU = ReleaseTC|Any CPU
		ReleaseTC|Mixed Platforms = ReleaseTC|Mixed Platforms
	EndGlobalSection
	GlobalSection(ProjectConfigurationPlatforms) = postSolution
		{F15A69AF-7EBD-4F69-A026-5071FA3EC61B}.Debug|Any CPU.ActiveCfg = Debug|Any CPU
		{F15A69AF-7EBD-4F69-A026-5071FA3EC61B}.Debug|Any CPU.Build.0 = Debug|Any CPU
		{F15A69AF-7EBD-4F69-A026-5071FA3EC61B}.Debug|Mixed Platforms.ActiveCfg = Debug|Any CPU
		{F15A69AF-7EBD-4F69-A026-5071FA3EC61B}.Debug|Mixed Platforms.Build.0 = Debug|Any CPU
		{F15A69AF-7EBD-4F69-A026-5071FA3EC61B}.Release|Any CPU.ActiveCfg = Release|Any CPU
		{F15A69AF-7EBD-4F69-A026-5071FA3EC61B}.Release|Any CPU.Build.0 = Release|Any CPU
		{F15A69AF-7EBD-4F69-A026-5071FA3EC61B}.Release|Mixed Platforms.ActiveCfg = Release|Any CPU
		{F15A69AF-7EBD-4F69-A026-5071FA3EC61B}.Release|Mixed Platforms.Build.0 = Release|Any CPU
		{F15A69AF-7EBD-4F69-A026-5071FA3EC61B}.ReleaseTC|Any CPU.ActiveCfg = Release|Any CPU
		{F15A69AF-7EBD-4F69-A026-5071FA3EC61B}.ReleaseTC|Any CPU.Build.0 = Release|Any CPU
		{F15A69AF-7EBD-4F69-A026-5071FA3EC61B}.ReleaseTC|Mixed Platforms.ActiveCfg = Release|Any CPU
		{F15A69AF-7EBD-4F69-A026-5071FA3EC61B}.ReleaseTC|Mixed Platforms.Build.0 = Release|Any CPU
		{A19AF7D5-2BD9-470D-A4D0-0519C2694258}.Debug|Any CPU.ActiveCfg = Debug|Any CPU
		{A19AF7D5-2BD9-470D-A4D0-0519C2694258}.Debug|Any CPU.Build.0 = Debug|Any CPU
		{A19AF7D5-2BD9-470D-A4D0-0519C2694258}.Debug|Mixed Platforms.ActiveCfg = Debug|Any CPU
		{A19AF7D5-2BD9-470D-A4D0-0519C2694258}.Debug|Mixed Platforms.Build.0 = Debug|Any CPU
		{A19AF7D5-2BD9-470D-A4D0-0519C2694258}.Release|Any CPU.ActiveCfg = Release|Any CPU
		{A19AF7D5-2BD9-470D-A4D0-0519C2694258}.Release|Any CPU.Build.0 = Release|Any CPU
		{A19AF7D5-2BD9-470D-A4D0-0519C2694258}.Release|Mixed Platforms.ActiveCfg = Release|Any CPU
		{A19AF7D5-2BD9-470D-A4D0-0519C2694258}.Release|Mixed Platforms.Build.0 = Release|Any CPU
		{A19AF7D5-2BD9-470D-A4D0-0519C2694258}.ReleaseTC|Any CPU.ActiveCfg = Release|Any CPU
		{A19AF7D5-2BD9-470D-A4D0-0519C2694258}.ReleaseTC|Any CPU.Build.0 = Release|Any CPU
		{A19AF7D5-2BD9-470D-A4D0-0519C2694258}.ReleaseTC|Mixed Platforms.ActiveCfg = Release|Any CPU
		{A19AF7D5-2BD9-470D-A4D0-0519C2694258}.ReleaseTC|Mixed Platforms.Build.0 = Release|Any CPU
		{BD6AA2A2-997D-4AFF-ACC7-B64F6E51D181}.Debug|Any CPU.ActiveCfg = Debug|Any CPU
		{BD6AA2A2-997D-4AFF-ACC7-B64F6E51D181}.Debug|Any CPU.Build.0 = Debug|Any CPU
		{BD6AA2A2-997D-4AFF-ACC7-B64F6E51D181}.Debug|Mixed Platforms.ActiveCfg = Debug|Any CPU
		{BD6AA2A2-997D-4AFF-ACC7-B64F6E51D181}.Debug|Mixed Platforms.Build.0 = Debug|Any CPU
		{BD6AA2A2-997D-4AFF-ACC7-B64F6E51D181}.Release|Any CPU.ActiveCfg = Release|Any CPU
		{BD6AA2A2-997D-4AFF-ACC7-B64F6E51D181}.Release|Any CPU.Build.0 = Release|Any CPU
		{BD6AA2A2-997D-4AFF-ACC7-B64F6E51D181}.Release|Mixed Platforms.ActiveCfg = Release|Any CPU
		{BD6AA2A2-997D-4AFF-ACC7-B64F6E51D181}.Release|Mixed Platforms.Build.0 = Release|Any CPU
		{BD6AA2A2-997D-4AFF-ACC7-B64F6E51D181}.ReleaseTC|Any CPU.ActiveCfg = Release|Any CPU
		{BD6AA2A2-997D-4AFF-ACC7-B64F6E51D181}.ReleaseTC|Any CPU.Build.0 = Release|Any CPU
		{BD6AA2A2-997D-4AFF-ACC7-B64F6E51D181}.ReleaseTC|Mixed Platforms.ActiveCfg = Release|Any CPU
		{BD6AA2A2-997D-4AFF-ACC7-B64F6E51D181}.ReleaseTC|Mixed Platforms.Build.0 = Release|Any CPU
		{27559302-F35E-4B62-A6EC-11FF21A5FA6F}.Debug|Any CPU.ActiveCfg = Debug|Any CPU
		{27559302-F35E-4B62-A6EC-11FF21A5FA6F}.Debug|Any CPU.Build.0 = Debug|Any CPU
		{27559302-F35E-4B62-A6EC-11FF21A5FA6F}.Debug|Mixed Platforms.ActiveCfg = Debug|Any CPU
		{27559302-F35E-4B62-A6EC-11FF21A5FA6F}.Debug|Mixed Platforms.Build.0 = Debug|Any CPU
		{27559302-F35E-4B62-A6EC-11FF21A5FA6F}.Release|Any CPU.ActiveCfg = Release|Any CPU
		{27559302-F35E-4B62-A6EC-11FF21A5FA6F}.Release|Any CPU.Build.0 = Release|Any CPU
		{27559302-F35E-4B62-A6EC-11FF21A5FA6F}.Release|Mixed Platforms.ActiveCfg = Release|Any CPU
		{27559302-F35E-4B62-A6EC-11FF21A5FA6F}.Release|Mixed Platforms.Build.0 = Release|Any CPU
		{27559302-F35E-4B62-A6EC-11FF21A5FA6F}.ReleaseTC|Any CPU.ActiveCfg = Release|Any CPU
		{27559302-F35E-4B62-A6EC-11FF21A5FA6F}.ReleaseTC|Any CPU.Build.0 = Release|Any CPU
		{27559302-F35E-4B62-A6EC-11FF21A5FA6F}.ReleaseTC|Mixed Platforms.ActiveCfg = Release|Any CPU
		{27559302-F35E-4B62-A6EC-11FF21A5FA6F}.ReleaseTC|Mixed Platforms.Build.0 = Release|Any CPU
		{D3440FD7-AFC5-4351-8741-6CDBF15CE944}.Debug|Any CPU.ActiveCfg = Debug|Any CPU
		{D3440FD7-AFC5-4351-8741-6CDBF15CE944}.Debug|Any CPU.Build.0 = Debug|Any CPU
		{D3440FD7-AFC5-4351-8741-6CDBF15CE944}.Debug|Mixed Platforms.ActiveCfg = Debug|Any CPU
		{D3440FD7-AFC5-4351-8741-6CDBF15CE944}.Debug|Mixed Platforms.Build.0 = Debug|Any CPU
		{D3440FD7-AFC5-4351-8741-6CDBF15CE944}.Release|Any CPU.ActiveCfg = Release|Any CPU
		{D3440FD7-AFC5-4351-8741-6CDBF15CE944}.Release|Any CPU.Build.0 = Release|Any CPU
		{D3440FD7-AFC5-4351-8741-6CDBF15CE944}.Release|Mixed Platforms.ActiveCfg = Release|Any CPU
		{D3440FD7-AFC5-4351-8741-6CDBF15CE944}.Release|Mixed Platforms.Build.0 = Release|Any CPU
		{D3440FD7-AFC5-4351-8741-6CDBF15CE944}.ReleaseTC|Any CPU.ActiveCfg = Release|Any CPU
		{D3440FD7-AFC5-4351-8741-6CDBF15CE944}.ReleaseTC|Any CPU.Build.0 = Release|Any CPU
		{D3440FD7-AFC5-4351-8741-6CDBF15CE944}.ReleaseTC|Mixed Platforms.ActiveCfg = Release|Any CPU
		{D3440FD7-AFC5-4351-8741-6CDBF15CE944}.ReleaseTC|Mixed Platforms.Build.0 = Release|Any CPU
		{4041B976-50D0-4C6E-ABAF-7E67458A1264}.Debug|Any CPU.ActiveCfg = Debug|Any CPU
		{4041B976-50D0-4C6E-ABAF-7E67458A1264}.Debug|Any CPU.Build.0 = Debug|Any CPU
		{4041B976-50D0-4C6E-ABAF-7E67458A1264}.Debug|Mixed Platforms.ActiveCfg = Debug|Any CPU
		{4041B976-50D0-4C6E-ABAF-7E67458A1264}.Debug|Mixed Platforms.Build.0 = Debug|Any CPU
		{4041B976-50D0-4C6E-ABAF-7E67458A1264}.Release|Any CPU.ActiveCfg = Release|Any CPU
		{4041B976-50D0-4C6E-ABAF-7E67458A1264}.Release|Any CPU.Build.0 = Release|Any CPU
		{4041B976-50D0-4C6E-ABAF-7E67458A1264}.Release|Mixed Platforms.ActiveCfg = Release|Any CPU
		{4041B976-50D0-4C6E-ABAF-7E67458A1264}.Release|Mixed Platforms.Build.0 = Release|Any CPU
		{4041B976-50D0-4C6E-ABAF-7E67458A1264}.ReleaseTC|Any CPU.ActiveCfg = Release|Any CPU
		{4041B976-50D0-4C6E-ABAF-7E67458A1264}.ReleaseTC|Any CPU.Build.0 = Release|Any CPU
		{4041B976-50D0-4C6E-ABAF-7E67458A1264}.ReleaseTC|Mixed Platforms.ActiveCfg = Release|Any CPU
		{4041B976-50D0-4C6E-ABAF-7E67458A1264}.ReleaseTC|Mixed Platforms.Build.0 = Release|Any CPU
		{A426EE0B-E52E-4D74-AF24-06797142D7B2}.Debug|Any CPU.ActiveCfg = Debug|Any CPU
		{A426EE0B-E52E-4D74-AF24-06797142D7B2}.Debug|Any CPU.Build.0 = Debug|Any CPU
		{A426EE0B-E52E-4D74-AF24-06797142D7B2}.Debug|Mixed Platforms.ActiveCfg = Debug|Any CPU
		{A426EE0B-E52E-4D74-AF24-06797142D7B2}.Debug|Mixed Platforms.Build.0 = Debug|Any CPU
		{A426EE0B-E52E-4D74-AF24-06797142D7B2}.Release|Any CPU.ActiveCfg = Release|Any CPU
		{A426EE0B-E52E-4D74-AF24-06797142D7B2}.Release|Any CPU.Build.0 = Release|Any CPU
		{A426EE0B-E52E-4D74-AF24-06797142D7B2}.Release|Mixed Platforms.ActiveCfg = Release|Any CPU
		{A426EE0B-E52E-4D74-AF24-06797142D7B2}.Release|Mixed Platforms.Build.0 = Release|Any CPU
		{A426EE0B-E52E-4D74-AF24-06797142D7B2}.ReleaseTC|Any CPU.ActiveCfg = Release|Any CPU
		{A426EE0B-E52E-4D74-AF24-06797142D7B2}.ReleaseTC|Any CPU.Build.0 = Release|Any CPU
		{A426EE0B-E52E-4D74-AF24-06797142D7B2}.ReleaseTC|Mixed Platforms.ActiveCfg = Release|Any CPU
		{A426EE0B-E52E-4D74-AF24-06797142D7B2}.ReleaseTC|Mixed Platforms.Build.0 = Release|Any CPU
		{B1B0C273-AB3F-48BF-92C7-DE0BE90D5870}.Debug|Any CPU.ActiveCfg = Debug|Any CPU
		{B1B0C273-AB3F-48BF-92C7-DE0BE90D5870}.Debug|Any CPU.Build.0 = Debug|Any CPU
		{B1B0C273-AB3F-48BF-92C7-DE0BE90D5870}.Debug|Mixed Platforms.ActiveCfg = Debug|Any CPU
		{B1B0C273-AB3F-48BF-92C7-DE0BE90D5870}.Debug|Mixed Platforms.Build.0 = Debug|Any CPU
		{B1B0C273-AB3F-48BF-92C7-DE0BE90D5870}.Release|Any CPU.ActiveCfg = Release|Any CPU
		{B1B0C273-AB3F-48BF-92C7-DE0BE90D5870}.Release|Any CPU.Build.0 = Release|Any CPU
		{B1B0C273-AB3F-48BF-92C7-DE0BE90D5870}.Release|Mixed Platforms.ActiveCfg = Release|Any CPU
		{B1B0C273-AB3F-48BF-92C7-DE0BE90D5870}.Release|Mixed Platforms.Build.0 = Release|Any CPU
		{B1B0C273-AB3F-48BF-92C7-DE0BE90D5870}.ReleaseTC|Any CPU.ActiveCfg = Release|Any CPU
		{B1B0C273-AB3F-48BF-92C7-DE0BE90D5870}.ReleaseTC|Any CPU.Build.0 = Release|Any CPU
		{B1B0C273-AB3F-48BF-92C7-DE0BE90D5870}.ReleaseTC|Mixed Platforms.ActiveCfg = Release|Any CPU
		{B1B0C273-AB3F-48BF-92C7-DE0BE90D5870}.ReleaseTC|Mixed Platforms.Build.0 = Release|Any CPU
		{F261BCD1-F5F7-4664-A230-E52032E6E9FD}.Debug|Any CPU.ActiveCfg = Debug|Any CPU
		{F261BCD1-F5F7-4664-A230-E52032E6E9FD}.Debug|Any CPU.Build.0 = Debug|Any CPU
		{F261BCD1-F5F7-4664-A230-E52032E6E9FD}.Debug|Mixed Platforms.ActiveCfg = Debug|Any CPU
		{F261BCD1-F5F7-4664-A230-E52032E6E9FD}.Debug|Mixed Platforms.Build.0 = Debug|Any CPU
		{F261BCD1-F5F7-4664-A230-E52032E6E9FD}.Release|Any CPU.ActiveCfg = Release|Any CPU
		{F261BCD1-F5F7-4664-A230-E52032E6E9FD}.Release|Any CPU.Build.0 = Release|Any CPU
		{F261BCD1-F5F7-4664-A230-E52032E6E9FD}.Release|Mixed Platforms.ActiveCfg = Release|Any CPU
		{F261BCD1-F5F7-4664-A230-E52032E6E9FD}.Release|Mixed Platforms.Build.0 = Release|Any CPU
		{F261BCD1-F5F7-4664-A230-E52032E6E9FD}.ReleaseTC|Any CPU.ActiveCfg = Release|Any CPU
		{F261BCD1-F5F7-4664-A230-E52032E6E9FD}.ReleaseTC|Any CPU.Build.0 = Release|Any CPU
		{F261BCD1-F5F7-4664-A230-E52032E6E9FD}.ReleaseTC|Mixed Platforms.ActiveCfg = Release|Any CPU
		{F261BCD1-F5F7-4664-A230-E52032E6E9FD}.ReleaseTC|Mixed Platforms.Build.0 = Release|Any CPU
		{F50B1DBF-1C9F-4437-87EC-7ABA805CC446}.Debug|Any CPU.ActiveCfg = Debug|Any CPU
		{F50B1DBF-1C9F-4437-87EC-7ABA805CC446}.Debug|Any CPU.Build.0 = Debug|Any CPU
		{F50B1DBF-1C9F-4437-87EC-7ABA805CC446}.Debug|Mixed Platforms.ActiveCfg = Debug|Any CPU
		{F50B1DBF-1C9F-4437-87EC-7ABA805CC446}.Debug|Mixed Platforms.Build.0 = Debug|Any CPU
		{F50B1DBF-1C9F-4437-87EC-7ABA805CC446}.Release|Any CPU.ActiveCfg = Release|Any CPU
		{F50B1DBF-1C9F-4437-87EC-7ABA805CC446}.Release|Any CPU.Build.0 = Release|Any CPU
		{F50B1DBF-1C9F-4437-87EC-7ABA805CC446}.Release|Mixed Platforms.ActiveCfg = Release|Any CPU
		{F50B1DBF-1C9F-4437-87EC-7ABA805CC446}.Release|Mixed Platforms.Build.0 = Release|Any CPU
		{F50B1DBF-1C9F-4437-87EC-7ABA805CC446}.ReleaseTC|Any CPU.ActiveCfg = Release|Any CPU
		{F50B1DBF-1C9F-4437-87EC-7ABA805CC446}.ReleaseTC|Any CPU.Build.0 = Release|Any CPU
		{F50B1DBF-1C9F-4437-87EC-7ABA805CC446}.ReleaseTC|Mixed Platforms.ActiveCfg = Release|Any CPU
		{F50B1DBF-1C9F-4437-87EC-7ABA805CC446}.ReleaseTC|Mixed Platforms.Build.0 = Release|Any CPU
		{0F1F1168-A4B2-4FA2-B17B-735140D17F39}.Debug|Any CPU.ActiveCfg = Debug|Any CPU
		{0F1F1168-A4B2-4FA2-B17B-735140D17F39}.Debug|Any CPU.Build.0 = Debug|Any CPU
		{0F1F1168-A4B2-4FA2-B17B-735140D17F39}.Debug|Mixed Platforms.ActiveCfg = Debug|Any CPU
		{0F1F1168-A4B2-4FA2-B17B-735140D17F39}.Debug|Mixed Platforms.Build.0 = Debug|Any CPU
		{0F1F1168-A4B2-4FA2-B17B-735140D17F39}.Release|Any CPU.ActiveCfg = Release|Any CPU
		{0F1F1168-A4B2-4FA2-B17B-735140D17F39}.Release|Any CPU.Build.0 = Release|Any CPU
		{0F1F1168-A4B2-4FA2-B17B-735140D17F39}.Release|Mixed Platforms.ActiveCfg = Release|Any CPU
		{0F1F1168-A4B2-4FA2-B17B-735140D17F39}.Release|Mixed Platforms.Build.0 = Release|Any CPU
		{0F1F1168-A4B2-4FA2-B17B-735140D17F39}.ReleaseTC|Any CPU.ActiveCfg = Release|Any CPU
		{0F1F1168-A4B2-4FA2-B17B-735140D17F39}.ReleaseTC|Any CPU.Build.0 = Release|Any CPU
		{0F1F1168-A4B2-4FA2-B17B-735140D17F39}.ReleaseTC|Mixed Platforms.ActiveCfg = Release|Any CPU
		{0F1F1168-A4B2-4FA2-B17B-735140D17F39}.ReleaseTC|Mixed Platforms.Build.0 = Release|Any CPU
		{62CED1D5-F603-40DE-8BF5-3E49D3A392F4}.Debug|Any CPU.ActiveCfg = Debug|Any CPU
		{62CED1D5-F603-40DE-8BF5-3E49D3A392F4}.Debug|Any CPU.Build.0 = Debug|Any CPU
		{62CED1D5-F603-40DE-8BF5-3E49D3A392F4}.Debug|Mixed Platforms.ActiveCfg = Debug|Any CPU
		{62CED1D5-F603-40DE-8BF5-3E49D3A392F4}.Debug|Mixed Platforms.Build.0 = Debug|Any CPU
		{62CED1D5-F603-40DE-8BF5-3E49D3A392F4}.Release|Any CPU.ActiveCfg = Release|Any CPU
		{62CED1D5-F603-40DE-8BF5-3E49D3A392F4}.Release|Any CPU.Build.0 = Release|Any CPU
		{62CED1D5-F603-40DE-8BF5-3E49D3A392F4}.Release|Mixed Platforms.ActiveCfg = Release|Any CPU
		{62CED1D5-F603-40DE-8BF5-3E49D3A392F4}.Release|Mixed Platforms.Build.0 = Release|Any CPU
		{62CED1D5-F603-40DE-8BF5-3E49D3A392F4}.ReleaseTC|Any CPU.ActiveCfg = Release|Any CPU
		{62CED1D5-F603-40DE-8BF5-3E49D3A392F4}.ReleaseTC|Any CPU.Build.0 = Release|Any CPU
		{62CED1D5-F603-40DE-8BF5-3E49D3A392F4}.ReleaseTC|Mixed Platforms.ActiveCfg = Release|Any CPU
		{62CED1D5-F603-40DE-8BF5-3E49D3A392F4}.ReleaseTC|Mixed Platforms.Build.0 = Release|Any CPU
		{8EB7611B-68CD-4B8B-987A-11717E2B250C}.Debug|Any CPU.ActiveCfg = Debug|Any CPU
		{8EB7611B-68CD-4B8B-987A-11717E2B250C}.Debug|Any CPU.Build.0 = Debug|Any CPU
		{8EB7611B-68CD-4B8B-987A-11717E2B250C}.Debug|Mixed Platforms.ActiveCfg = Debug|Any CPU
		{8EB7611B-68CD-4B8B-987A-11717E2B250C}.Debug|Mixed Platforms.Build.0 = Debug|Any CPU
		{8EB7611B-68CD-4B8B-987A-11717E2B250C}.Release|Any CPU.ActiveCfg = Release|Any CPU
		{8EB7611B-68CD-4B8B-987A-11717E2B250C}.Release|Any CPU.Build.0 = Release|Any CPU
		{8EB7611B-68CD-4B8B-987A-11717E2B250C}.Release|Mixed Platforms.ActiveCfg = Release|Any CPU
		{8EB7611B-68CD-4B8B-987A-11717E2B250C}.Release|Mixed Platforms.Build.0 = Release|Any CPU
		{8EB7611B-68CD-4B8B-987A-11717E2B250C}.ReleaseTC|Any CPU.ActiveCfg = Release|Any CPU
		{8EB7611B-68CD-4B8B-987A-11717E2B250C}.ReleaseTC|Any CPU.Build.0 = Release|Any CPU
		{8EB7611B-68CD-4B8B-987A-11717E2B250C}.ReleaseTC|Mixed Platforms.ActiveCfg = Release|Any CPU
		{8EB7611B-68CD-4B8B-987A-11717E2B250C}.ReleaseTC|Mixed Platforms.Build.0 = Release|Any CPU
		{0EA99AD1-A03F-45D6-9AC8-EE0EECEDEF4F}.Debug|Any CPU.ActiveCfg = Debug|Any CPU
		{0EA99AD1-A03F-45D6-9AC8-EE0EECEDEF4F}.Debug|Any CPU.Build.0 = Debug|Any CPU
		{0EA99AD1-A03F-45D6-9AC8-EE0EECEDEF4F}.Debug|Mixed Platforms.ActiveCfg = Debug|Any CPU
		{0EA99AD1-A03F-45D6-9AC8-EE0EECEDEF4F}.Debug|Mixed Platforms.Build.0 = Debug|Any CPU
		{0EA99AD1-A03F-45D6-9AC8-EE0EECEDEF4F}.Release|Any CPU.ActiveCfg = Release|Any CPU
		{0EA99AD1-A03F-45D6-9AC8-EE0EECEDEF4F}.Release|Any CPU.Build.0 = Release|Any CPU
		{0EA99AD1-A03F-45D6-9AC8-EE0EECEDEF4F}.Release|Mixed Platforms.ActiveCfg = Release|Any CPU
		{0EA99AD1-A03F-45D6-9AC8-EE0EECEDEF4F}.Release|Mixed Platforms.Build.0 = Release|Any CPU
		{0EA99AD1-A03F-45D6-9AC8-EE0EECEDEF4F}.ReleaseTC|Any CPU.ActiveCfg = Release|Any CPU
		{0EA99AD1-A03F-45D6-9AC8-EE0EECEDEF4F}.ReleaseTC|Any CPU.Build.0 = Release|Any CPU
		{0EA99AD1-A03F-45D6-9AC8-EE0EECEDEF4F}.ReleaseTC|Mixed Platforms.ActiveCfg = Release|Any CPU
		{0EA99AD1-A03F-45D6-9AC8-EE0EECEDEF4F}.ReleaseTC|Mixed Platforms.Build.0 = Release|Any CPU
	EndGlobalSection
	GlobalSection(SolutionProperties) = preSolution
		HideSolutionNode = FALSE
	EndGlobalSection
	GlobalSection(NestedProjects) = preSolution
		{AF6D7B1B-FAF6-4793-AC05-00C63A5BC0F5} = {3D5CA0E0-EF51-4488-A8B7-86CC330D7AD8}
		{A426EE0B-E52E-4D74-AF24-06797142D7B2} = {3D5CA0E0-EF51-4488-A8B7-86CC330D7AD8}
		{B1B0C273-AB3F-48BF-92C7-DE0BE90D5870} = {3D5CA0E0-EF51-4488-A8B7-86CC330D7AD8}
		{F261BCD1-F5F7-4664-A230-E52032E6E9FD} = {3D5CA0E0-EF51-4488-A8B7-86CC330D7AD8}
		{F1B97F5D-CA42-4280-94A1-CE412BEA20DF} = {3D5CA0E0-EF51-4488-A8B7-86CC330D7AD8}
		{F50B1DBF-1C9F-4437-87EC-7ABA805CC446} = {0E859634-B3DF-46AC-A73C-D49734F19D6A}
		{62CED1D5-F603-40DE-8BF5-3E49D3A392F4} = {0E859634-B3DF-46AC-A73C-D49734F19D6A}
		{1DC7D403-484B-43B4-B017-1356397A32CB} = {0E859634-B3DF-46AC-A73C-D49734F19D6A}
		{8EB7611B-68CD-4B8B-987A-11717E2B250C} = {0E859634-B3DF-46AC-A73C-D49734F19D6A}
	EndGlobalSection
	GlobalSection(ExtensibilityGlobals) = postSolution
		SolutionGuid = {9AAC93BE-03EA-4161-A934-C4CDCCB8760C}
	EndGlobalSection
EndGlobal
